{
    "requires": true,
    "lockfileVersion": 1,
    "dependencies": {
        "trumbowyg": {
            "version": "2.15.0",
            "resolved": "https://registry.npmjs.org/trumbowyg/-/trumbowyg-2.15.0.tgz",
            "integrity": "sha512-L4iZKgcX7Sx8uU23/o7b9JUpEeqawE7p+gGTJysPvlM1pTPR3OQSnyuMjdAO89UJ1FQWsJZXIf29YUgpv57pLg=="
        }
    }
}
